
Microsoft Visual Studio Solution File, Format Version 12.00
# Visual Studio Version 17
VisualStudioVersion = 17.0.31903.59
MinimumVisualStudioVersion = 10.0.40219.1
Project("{FAE04EC0-301F-11D3-BF4B-00C04F79EFBC}") = "API", "API\API.csproj", "{C9ABD0B6-0A1E-48C5-A309-E2A9264B3041}"
EndProject
Project("{FAE04EC0-301F-11D3-BF4B-00C04F79EFBC}") = "Aplicacion", "Aplicacion\Aplicacion.csproj", "{DEE52996-5F2E-458E-BE91-B491FBC4E425}"
EndProject
Project("{FAE04EC0-301F-11D3-BF4B-00C04F79EFBC}") = "Dominio", "Dominio\Dominio.csproj", "{23640860-6666-49C5-8BA9-64E3FA476786}"
EndProject
Project("{FAE04EC0-301F-11D3-BF4B-00C04F79EFBC}") = "Persistencia", "Persistencia\Persistencia.csproj", "{D4CF587C-FDF8-4A28-82E0-50B1F08F1E66}"
EndProject
Global
	GlobalSection(SolutionConfigurationPlatforms) = preSolution
		Debug|Any CPU = Debug|Any CPU
		Release|Any CPU = Release|Any CPU
	EndGlobalSection
	GlobalSection(SolutionProperties) = preSolution
		HideSolutionNode = FALSE
	EndGlobalSection
	GlobalSection(ProjectConfigurationPlatforms) = postSolution
		{C9ABD0B6-0A1E-48C5-A309-E2A9264B3041}.Debug|Any CPU.ActiveCfg = Debug|Any CPU
		{C9ABD0B6-0A1E-48C5-A309-E2A9264B3041}.Debug|Any CPU.Build.0 = Debug|Any CPU
		{C9ABD0B6-0A1E-48C5-A309-E2A9264B3041}.Release|Any CPU.ActiveCfg = Release|Any CPU
		{C9ABD0B6-0A1E-48C5-A309-E2A9264B3041}.Release|Any CPU.Build.0 = Release|Any CPU
		{DEE52996-5F2E-458E-BE91-B491FBC4E425}.Debug|Any CPU.ActiveCfg = Debug|Any CPU
		{DEE52996-5F2E-458E-BE91-B491FBC4E425}.Debug|Any CPU.Build.0 = Debug|Any CPU
		{DEE52996-5F2E-458E-BE91-B491FBC4E425}.Release|Any CPU.ActiveCfg = Release|Any CPU
		{DEE52996-5F2E-458E-BE91-B491FBC4E425}.Release|Any CPU.Build.0 = Release|Any CPU
		{23640860-6666-49C5-8BA9-64E3FA476786}.Debug|Any CPU.ActiveCfg = Debug|Any CPU
		{23640860-6666-49C5-8BA9-64E3FA476786}.Debug|Any CPU.Build.0 = Debug|Any CPU
		{23640860-6666-49C5-8BA9-64E3FA476786}.Release|Any CPU.ActiveCfg = Release|Any CPU
		{23640860-6666-49C5-8BA9-64E3FA476786}.Release|Any CPU.Build.0 = Release|Any CPU
		{D4CF587C-FDF8-4A28-82E0-50B1F08F1E66}.Debug|Any CPU.ActiveCfg = Debug|Any CPU
		{D4CF587C-FDF8-4A28-82E0-50B1F08F1E66}.Debug|Any CPU.Build.0 = Debug|Any CPU
		{D4CF587C-FDF8-4A28-82E0-50B1F08F1E66}.Release|Any CPU.ActiveCfg = Release|Any CPU
		{D4CF587C-FDF8-4A28-82E0-50B1F08F1E66}.Release|Any CPU.Build.0 = Release|Any CPU
	EndGlobalSection
EndGlobal
